
Microsoft Visual Studio Solution File, Format Version 12.00
# Visual Studio Version 16
VisualStudioVersion = 16.0.31112.23
MinimumVisualStudioVersion = 10.0.40219.1
Project("{FAE04EC0-301F-11D3-BF4B-00C04F79EFBC}") = "SEDC.CSharp.Class02.Homework.RealCalculator", "SEDC.CSharp.Class02.Homework\SEDC.CSharp.Class02.Homework.RealCalculator.csproj", "{FAA3A5F4-A19C-43E0-A218-31CB3ED00AD7}"
EndProject
Project("{9A19103F-16F7-4668-BE54-9A1E7A4F7556}") = "SEDEC.CSharp.Class02.Homework.AverageNumber", "SEDEC.CSharp.Class02.Homework.AverageNumber\SEDEC.CSharp.Class02.Homework.AverageNumber.csproj", "{B06C2F1E-5F18-42C7-83B3-2EE230A65284}"
EndProject
Project("{9A19103F-16F7-4668-BE54-9A1E7A4F7556}") = "SEDEC.CSharp.Class02.Homework.RealCalculator", "SEDEC.CSharp.Class02.Homework.RealCalculator\SEDEC.CSharp.Class02.Homework.RealCalculator.csproj", "{8C47ED4F-775B-4742-B081-26141452CE49}"
EndProject
Project("{FAE04EC0-301F-11D3-BF4B-00C04F79EFBC}") = "SEDC.CSharp.Class02.Homework.SwapNumbers", "SEDC.CSharp.Class02.Homework.SwapNumbers\SEDC.CSharp.Class02.Homework.SwapNumbers.csproj", "{0D0A40A5-6110-4099-B562-80A82CE2B5E3}"
EndProject
Global
	GlobalSection(SolutionConfigurationPlatforms) = preSolution
		Debug|Any CPU = Debug|Any CPU
		Release|Any CPU = Release|Any CPU
	EndGlobalSection
	GlobalSection(ProjectConfigurationPlatforms) = postSolution
		{FAA3A5F4-A19C-43E0-A218-31CB3ED00AD7}.Debug|Any CPU.ActiveCfg = Debug|Any CPU
		{FAA3A5F4-A19C-43E0-A218-31CB3ED00AD7}.Debug|Any CPU.Build.0 = Debug|Any CPU
		{FAA3A5F4-A19C-43E0-A218-31CB3ED00AD7}.Release|Any CPU.ActiveCfg = Release|Any CPU
		{FAA3A5F4-A19C-43E0-A218-31CB3ED00AD7}.Release|Any CPU.Build.0 = Release|Any CPU
		{B06C2F1E-5F18-42C7-83B3-2EE230A65284}.Debug|Any CPU.ActiveCfg = Debug|Any CPU
		{B06C2F1E-5F18-42C7-83B3-2EE230A65284}.Debug|Any CPU.Build.0 = Debug|Any CPU
		{B06C2F1E-5F18-42C7-83B3-2EE230A65284}.Release|Any CPU.ActiveCfg = Release|Any CPU
		{B06C2F1E-5F18-42C7-83B3-2EE230A65284}.Release|Any CPU.Build.0 = Release|Any CPU
		{8C47ED4F-775B-4742-B081-26141452CE49}.Debug|Any CPU.ActiveCfg = Debug|Any CPU
		{8C47ED4F-775B-4742-B081-26141452CE49}.Debug|Any CPU.Build.0 = Debug|Any CPU
		{8C47ED4F-775B-4742-B081-26141452CE49}.Release|Any CPU.ActiveCfg = Release|Any CPU
		{8C47ED4F-775B-4742-B081-26141452CE49}.Release|Any CPU.Build.0 = Release|Any CPU
		{0D0A40A5-6110-4099-B562-80A82CE2B5E3}.Debug|Any CPU.ActiveCfg = Debug|Any CPU
		{0D0A40A5-6110-4099-B562-80A82CE2B5E3}.Debug|Any CPU.Build.0 = Debug|Any CPU
		{0D0A40A5-6110-4099-B562-80A82CE2B5E3}.Release|Any CPU.ActiveCfg = Release|Any CPU
		{0D0A40A5-6110-4099-B562-80A82CE2B5E3}.Release|Any CPU.Build.0 = Release|Any CPU
	EndGlobalSection
	GlobalSection(SolutionProperties) = preSolution
		HideSolutionNode = FALSE
	EndGlobalSection
	GlobalSection(ExtensibilityGlobals) = postSolution
		SolutionGuid = {4713B46A-3459-47DB-B6BC-B9387793FA32}
	EndGlobalSection
EndGlobal
