
Microsoft Visual Studio Solution File, Format Version 12.00
# Visual Studio Version 16
VisualStudioVersion = 16.0.31112.23
MinimumVisualStudioVersion = 10.0.40219.1
Project("{FAE04EC0-301F-11D3-BF4B-00C04F79EFBC}") = "SEDC.CSharp.Class06.Homework", "SEDC.CSharp.Class06.Homework\SEDC.CSharp.Class06.Homework.csproj", "{7C611E2E-0068-45F9-A1A2-82C9EAA2096A}"
EndProject
Global
	GlobalSection(SolutionConfigurationPlatforms) = preSolution
		Debug|Any CPU = Debug|Any CPU
		Release|Any CPU = Release|Any CPU
	EndGlobalSection
	GlobalSection(ProjectConfigurationPlatforms) = postSolution
		{7C611E2E-0068-45F9-A1A2-82C9EAA2096A}.Debug|Any CPU.ActiveCfg = Debug|Any CPU
		{7C611E2E-0068-45F9-A1A2-82C9EAA2096A}.Debug|Any CPU.Build.0 = Debug|Any CPU
		{7C611E2E-0068-45F9-A1A2-82C9EAA2096A}.Release|Any CPU.ActiveCfg = Release|Any CPU
		{7C611E2E-0068-45F9-A1A2-82C9EAA2096A}.Release|Any CPU.Build.0 = Release|Any CPU
	EndGlobalSection
	GlobalSection(SolutionProperties) = preSolution
		HideSolutionNode = FALSE
	EndGlobalSection
	GlobalSection(ExtensibilityGlobals) = postSolution
		SolutionGuid = {11EDB893-56CB-4114-968C-447EA88A12F5}
	EndGlobalSection
EndGlobal
