
Microsoft Visual Studio Solution File, Format Version 12.00
# Visual Studio Version 16
VisualStudioVersion = 16.0.31112.23
MinimumVisualStudioVersion = 10.0.40219.1
Project("{9A19103F-16F7-4668-BE54-9A1E7A4F7556}") = "CSharp.Class10.Domain", "CSharp.Class10.Domain\CSharp.Class10.Domain.csproj", "{AF9F05C9-7948-4D87-9299-86BBBE98FDBD}"
EndProject
Project("{FAE04EC0-301F-11D3-BF4B-00C04F79EFBC}") = "CSharp.Class10.Bussines", "CSharp.Class10.Bussines\CSharp.Class10.Bussines.csproj", "{1136D3F7-EF58-4FE6-B2DF-90E7B27062DA}"
EndProject
Project("{FAE04EC0-301F-11D3-BF4B-00C04F79EFBC}") = "CSharp.Class10.AcademyMenagmentApp", "CSharp.Class10.AcademyMenagmentApp\CSharp.Class10.AcademyMenagmentApp.csproj", "{82FC58EF-C10B-4FC3-B43D-0A3BFC052C80}"
EndProject
Global
	GlobalSection(SolutionConfigurationPlatforms) = preSolution
		Debug|Any CPU = Debug|Any CPU
		Release|Any CPU = Release|Any CPU
	EndGlobalSection
	GlobalSection(ProjectConfigurationPlatforms) = postSolution
		{AF9F05C9-7948-4D87-9299-86BBBE98FDBD}.Debug|Any CPU.ActiveCfg = Debug|Any CPU
		{AF9F05C9-7948-4D87-9299-86BBBE98FDBD}.Debug|Any CPU.Build.0 = Debug|Any CPU
		{AF9F05C9-7948-4D87-9299-86BBBE98FDBD}.Release|Any CPU.ActiveCfg = Release|Any CPU
		{AF9F05C9-7948-4D87-9299-86BBBE98FDBD}.Release|Any CPU.Build.0 = Release|Any CPU
		{1136D3F7-EF58-4FE6-B2DF-90E7B27062DA}.Debug|Any CPU.ActiveCfg = Debug|Any CPU
		{1136D3F7-EF58-4FE6-B2DF-90E7B27062DA}.Debug|Any CPU.Build.0 = Debug|Any CPU
		{1136D3F7-EF58-4FE6-B2DF-90E7B27062DA}.Release|Any CPU.ActiveCfg = Release|Any CPU
		{1136D3F7-EF58-4FE6-B2DF-90E7B27062DA}.Release|Any CPU.Build.0 = Release|Any CPU
		{82FC58EF-C10B-4FC3-B43D-0A3BFC052C80}.Debug|Any CPU.ActiveCfg = Debug|Any CPU
		{82FC58EF-C10B-4FC3-B43D-0A3BFC052C80}.Debug|Any CPU.Build.0 = Debug|Any CPU
		{82FC58EF-C10B-4FC3-B43D-0A3BFC052C80}.Release|Any CPU.ActiveCfg = Release|Any CPU
		{82FC58EF-C10B-4FC3-B43D-0A3BFC052C80}.Release|Any CPU.Build.0 = Release|Any CPU
	EndGlobalSection
	GlobalSection(SolutionProperties) = preSolution
		HideSolutionNode = FALSE
	EndGlobalSection
	GlobalSection(ExtensibilityGlobals) = postSolution
		SolutionGuid = {9513764B-011A-40F2-BC59-B962066378E5}
	EndGlobalSection
EndGlobal
